
Microsoft Visual Studio Solution File, Format Version 12.00
# Visual Studio Version 17
VisualStudioVersion = 17.13.35806.99 d17.13
MinimumVisualStudioVersion = 10.0.40219.1
Project("{FAE04EC0-301F-11D3-BF4B-00C04F79EFBC}") = "API.Shell", "API.Shell\API.Shell.csproj", "{FE7B74A9-B7C9-441D-978D-9A9E940680DD}"
EndProject
Project("{FAE04EC0-301F-11D3-BF4B-00C04F79EFBC}") = "Base.DataAccess", "..\Base.DataAccess\Base.DataAccess.csproj", "{36901EC1-78B7-410E-81E3-34BA65FF5BDC}"
EndProject
Global
	GlobalSection(SolutionConfigurationPlatforms) = preSolution
		Debug|Any CPU = Debug|Any CPU
		Release|Any CPU = Release|Any CPU
	EndGlobalSection
	GlobalSection(ProjectConfigurationPlatforms) = postSolution
		{FE7B74A9-B7C9-441D-978D-9A9E940680DD}.Debug|Any CPU.ActiveCfg = Debug|Any CPU
		{FE7B74A9-B7C9-441D-978D-9A9E940680DD}.Debug|Any CPU.Build.0 = Debug|Any CPU
		{FE7B74A9-B7C9-441D-978D-9A9E940680DD}.Release|Any CPU.ActiveCfg = Release|Any CPU
		{FE7B74A9-B7C9-441D-978D-9A9E940680DD}.Release|Any CPU.Build.0 = Release|Any CPU
		{36901EC1-78B7-410E-81E3-34BA65FF5BDC}.Debug|Any CPU.ActiveCfg = Debug|Any CPU
		{36901EC1-78B7-410E-81E3-34BA65FF5BDC}.Debug|Any CPU.Build.0 = Debug|Any CPU
		{36901EC1-78B7-410E-81E3-34BA65FF5BDC}.Release|Any CPU.ActiveCfg = Release|Any CPU
		{36901EC1-78B7-410E-81E3-34BA65FF5BDC}.Release|Any CPU.Build.0 = Release|Any CPU
	EndGlobalSection
	GlobalSection(SolutionProperties) = preSolution
		HideSolutionNode = FALSE
	EndGlobalSection
	GlobalSection(ExtensibilityGlobals) = postSolution
		SolutionGuid = {E813845D-A97B-414F-B330-FD90B7F56B3A}
	EndGlobalSection
EndGlobal
